
Microsoft Visual Studio Solution File, Format Version 12.00
# Visual Studio Version 16
VisualStudioVersion = 16.0.30907.101
MinimumVisualStudioVersion = 10.0.40219.1
Project("{9A19103F-16F7-4668-BE54-9A1E7A4F7556}") = "FindExactSolution.Infrastructure", "FindExactSolution.Infrastructure\FindExactSolution.Infrastructure.csproj", "{7EA86D3D-BC65-4A4E-9D4C-6603757DBB42}"
EndProject
Project("{9A19103F-16F7-4668-BE54-9A1E7A4F7556}") = "FindExactSolution.Application", "FindExactSolution.Application\FindExactSolution.Application.csproj", "{9A8B460D-9A9E-4614-87CF-19938FA32F0C}"
EndProject
Project("{9A19103F-16F7-4668-BE54-9A1E7A4F7556}") = "FindExactSolution.Domain", "FindExactSolution.Domain\FindExactSolution.Domain.csproj", "{B236E413-BD16-4C7A-91A4-18457A2C5ACA}"
EndProject
Project("{9A19103F-16F7-4668-BE54-9A1E7A4F7556}") = "FindExactSolution.Web.Server", "FindExactSolution.Web\Server\FindExactSolution.Web.Server.csproj", "{AC0FA25E-8372-42BE-9763-C94AA4AF6B71}"
EndProject
Project("{9A19103F-16F7-4668-BE54-9A1E7A4F7556}") = "FindExactSolution.Web.Client", "FindExactSolution.Web\Client\FindExactSolution.Web.Client.csproj", "{EF3086B4-D359-4B32-BEA1-3E624F551F6E}"
EndProject
Project("{9A19103F-16F7-4668-BE54-9A1E7A4F7556}") = "FindExactSolution.Common", "FindExactSolution.Common\FindExactSolution.Common.csproj", "{6CD6B827-E4D0-4BF5-85D7-38C029157315}"
EndProject
Global
	GlobalSection(SolutionConfigurationPlatforms) = preSolution
		Debug|Any CPU = Debug|Any CPU
		Release|Any CPU = Release|Any CPU
	EndGlobalSection
	GlobalSection(ProjectConfigurationPlatforms) = postSolution
		{7EA86D3D-BC65-4A4E-9D4C-6603757DBB42}.Debug|Any CPU.ActiveCfg = Debug|Any CPU
		{7EA86D3D-BC65-4A4E-9D4C-6603757DBB42}.Debug|Any CPU.Build.0 = Debug|Any CPU
		{7EA86D3D-BC65-4A4E-9D4C-6603757DBB42}.Release|Any CPU.ActiveCfg = Release|Any CPU
		{7EA86D3D-BC65-4A4E-9D4C-6603757DBB42}.Release|Any CPU.Build.0 = Release|Any CPU
		{9A8B460D-9A9E-4614-87CF-19938FA32F0C}.Debug|Any CPU.ActiveCfg = Debug|Any CPU
		{9A8B460D-9A9E-4614-87CF-19938FA32F0C}.Debug|Any CPU.Build.0 = Debug|Any CPU
		{9A8B460D-9A9E-4614-87CF-19938FA32F0C}.Release|Any CPU.ActiveCfg = Release|Any CPU
		{9A8B460D-9A9E-4614-87CF-19938FA32F0C}.Release|Any CPU.Build.0 = Release|Any CPU
		{B236E413-BD16-4C7A-91A4-18457A2C5ACA}.Debug|Any CPU.ActiveCfg = Debug|Any CPU
		{B236E413-BD16-4C7A-91A4-18457A2C5ACA}.Debug|Any CPU.Build.0 = Debug|Any CPU
		{B236E413-BD16-4C7A-91A4-18457A2C5ACA}.Release|Any CPU.ActiveCfg = Release|Any CPU
		{B236E413-BD16-4C7A-91A4-18457A2C5ACA}.Release|Any CPU.Build.0 = Release|Any CPU
		{AC0FA25E-8372-42BE-9763-C94AA4AF6B71}.Debug|Any CPU.ActiveCfg = Debug|Any CPU
		{AC0FA25E-8372-42BE-9763-C94AA4AF6B71}.Debug|Any CPU.Build.0 = Debug|Any CPU
		{AC0FA25E-8372-42BE-9763-C94AA4AF6B71}.Release|Any CPU.ActiveCfg = Release|Any CPU
		{AC0FA25E-8372-42BE-9763-C94AA4AF6B71}.Release|Any CPU.Build.0 = Release|Any CPU
		{EF3086B4-D359-4B32-BEA1-3E624F551F6E}.Debug|Any CPU.ActiveCfg = Debug|Any CPU
		{EF3086B4-D359-4B32-BEA1-3E624F551F6E}.Debug|Any CPU.Build.0 = Debug|Any CPU
		{EF3086B4-D359-4B32-BEA1-3E624F551F6E}.Release|Any CPU.ActiveCfg = Release|Any CPU
		{EF3086B4-D359-4B32-BEA1-3E624F551F6E}.Release|Any CPU.Build.0 = Release|Any CPU
		{6CD6B827-E4D0-4BF5-85D7-38C029157315}.Debug|Any CPU.ActiveCfg = Debug|Any CPU
		{6CD6B827-E4D0-4BF5-85D7-38C029157315}.Debug|Any CPU.Build.0 = Debug|Any CPU
		{6CD6B827-E4D0-4BF5-85D7-38C029157315}.Release|Any CPU.ActiveCfg = Release|Any CPU
		{6CD6B827-E4D0-4BF5-85D7-38C029157315}.Release|Any CPU.Build.0 = Release|Any CPU
	EndGlobalSection
	GlobalSection(SolutionProperties) = preSolution
		HideSolutionNode = FALSE
	EndGlobalSection
	GlobalSection(ExtensibilityGlobals) = postSolution
		SolutionGuid = {BCF5E74D-350D-4117-8E19-7B8E1E4AE11B}
	EndGlobalSection
EndGlobal
