
Microsoft Visual Studio Solution File, Format Version 12.00
# Visual Studio Version 16
VisualStudioVersion = 16.0.30907.101
MinimumVisualStudioVersion = 10.0.40219.1
Project("{9A19103F-16F7-4668-BE54-9A1E7A4F7556}") = "FindExactSolution.Web", "FindExactSolution.Web\FindExactSolution.Web.csproj", "{6EEF40EE-A84F-4BA6-B5FA-C72A7A2070E8}"
EndProject
Project("{FAE04EC0-301F-11D3-BF4B-00C04F79EFBC}") = "FindExactSolution.Domain", "FindExactSolution.Domain\FindExactSolution.Domain.csproj", "{76C514D8-95DF-43DB-A28C-BB0348D40630}"
EndProject
Global
	GlobalSection(SolutionConfigurationPlatforms) = preSolution
		Debug|Any CPU = Debug|Any CPU
		Release|Any CPU = Release|Any CPU
	EndGlobalSection
	GlobalSection(ProjectConfigurationPlatforms) = postSolution
		{6EEF40EE-A84F-4BA6-B5FA-C72A7A2070E8}.Debug|Any CPU.ActiveCfg = Debug|Any CPU
		{6EEF40EE-A84F-4BA6-B5FA-C72A7A2070E8}.Debug|Any CPU.Build.0 = Debug|Any CPU
		{6EEF40EE-A84F-4BA6-B5FA-C72A7A2070E8}.Release|Any CPU.ActiveCfg = Release|Any CPU
		{6EEF40EE-A84F-4BA6-B5FA-C72A7A2070E8}.Release|Any CPU.Build.0 = Release|Any CPU
		{76C514D8-95DF-43DB-A28C-BB0348D40630}.Debug|Any CPU.ActiveCfg = Debug|Any CPU
		{76C514D8-95DF-43DB-A28C-BB0348D40630}.Debug|Any CPU.Build.0 = Debug|Any CPU
		{76C514D8-95DF-43DB-A28C-BB0348D40630}.Release|Any CPU.ActiveCfg = Release|Any CPU
		{76C514D8-95DF-43DB-A28C-BB0348D40630}.Release|Any CPU.Build.0 = Release|Any CPU
	EndGlobalSection
	GlobalSection(SolutionProperties) = preSolution
		HideSolutionNode = FALSE
	EndGlobalSection
	GlobalSection(ExtensibilityGlobals) = postSolution
		SolutionGuid = {BCF5E74D-350D-4117-8E19-7B8E1E4AE11B}
	EndGlobalSection
EndGlobal
